
Microsoft Visual Studio Solution File, Format Version 12.00
Project("{FAE04EC0-301F-11D3-BF4B-00C04F79EFBC}") = "APBD-tasks-console", "APBD-tasks-console\APBD-tasks-console.csproj", "{A7D01E79-0E78-42C9-8CE1-1174416380C8}"
EndProject
Global
	GlobalSection(SolutionConfigurationPlatforms) = preSolution
		Debug|Any CPU = Debug|Any CPU
		Release|Any CPU = Release|Any CPU
	EndGlobalSection
	GlobalSection(ProjectConfigurationPlatforms) = postSolution
		{A7D01E79-0E78-42C9-8CE1-1174416380C8}.Debug|Any CPU.ActiveCfg = Debug|Any CPU
		{A7D01E79-0E78-42C9-8CE1-1174416380C8}.Debug|Any CPU.Build.0 = Debug|Any CPU
		{A7D01E79-0E78-42C9-8CE1-1174416380C8}.Release|Any CPU.ActiveCfg = Release|Any CPU
		{A7D01E79-0E78-42C9-8CE1-1174416380C8}.Release|Any CPU.Build.0 = Release|Any CPU
	EndGlobalSection
EndGlobal
